<?xml version="1.0" encoding="utf-8"?>
<Project ToolsVersion="4.0" xmlns="http://schemas.microsoft.com/developer/msbuild/2003">
  <ItemGroup>
    <Filter Include="Quelldateien">
      <UniqueIdentifier>{4FC737F1-C7A5-4376-A066-2A32D752A2FF}</UniqueIdentifier>
      <Extensions>cpp;c;cc;cxx;c++;cppm;ixx;def;odl;idl;hpj;bat;asm;asmx</Extensions>
    </Filter>
    <Filter Include="Headerdateien">
      <UniqueIdentifier>{93995380-89BD-4b04-88EB-625FBE52EBFB}</UniqueIdentifier>
      <Extensions>h;hh;hpp;hxx;h++;hm;inl;inc;ipp;xsd</Extensions>
    </Filter>
    <Filter Include="Ressourcendateien">
      <UniqueIdentifier>{67DA6AB6-F800-4c08-8B7A-83BB121AAD01}</UniqueIdentifier>
      <Extensions>rc;ico;cur;bmp;dlg;rc2;rct;bin;rgs;gif;jpg;jpeg;jpe;resx;tiff;tif;png;wav;mfcribbon-ms</Extensions>
    </Filter>
  </ItemGroup>
  <ItemGroup>
    <None Include=".gitignore" />
    <None Include="LICENSE" />
    <None Include="README.md" />
    <None Include="Externals\Libs\stb\LICENSE" />
    <None Include="Include\Core\System\Angle.inl">
      <Filter>Headerdateien</Filter>
    </None>
    <None Include="Include\Core\System\Rectangle.inl">
      <Filter>Headerdateien</Filter>
    </None>
    <None Include="Include\Core\Graphics\Color.inl">
      <Filter>Headerdateien</Filter>
    </None>
  </ItemGroup>
  <ItemGroup>
    <ClInclude Include="Include\Core\Application\Sketch.hpp">
      <Filter>Headerdateien</Filter>
    </ClInclude>
    <ClInclude Include="Include\Core\Application\Application.hpp">
      <Filter>Headerdateien</Filter>
    </ClInclude>
    <ClInclude Include="Include\Core\System\Error.hpp">
      <Filter>Headerdateien</Filter>
    </ClInclude>
    <ClInclude Include="Include\Core\System\String.hpp">
      <Filter>Headerdateien</Filter>
    </ClInclude>
    <ClInclude Include="Include\Core\System\Time.hpp">
      <Filter>Headerdateien</Filter>
    </ClInclude>
    <ClInclude Include="Include\Core\Window\Window.hpp">
      <Filter>Headerdateien</Filter>
    </ClInclude>
    <ClInclude Include="Include\Core\Window\WindowEvent.hpp">
      <Filter>Headerdateien</Filter>
    </ClInclude>
    <ClInclude Include="Include\Core\System\IEventListener.hpp">
      <Filter>Headerdateien</Filter>
    </ClInclude>
    <ClInclude Include="Include\Core\System\EventPublisher.hpp">
      <Filter>Headerdateien</Filter>
    </ClInclude>
    <ClInclude Include="Include\Core\System\PollEventSystem.hpp">
      <Filter>Headerdateien</Filter>
    </ClInclude>
    <ClInclude Include="Include\Core\System\Value2.hpp">
      <Filter>Headerdateien</Filter>
    </ClInclude>
    <ClInclude Include="Include\Core\System\Stopwatch.hpp">
      <Filter>Headerdateien</Filter>
    </ClInclude>
    <ClInclude Include="Include\Core\Window\MouseButton.hpp">
      <Filter>Headerdateien</Filter>
    </ClInclude>
    <ClInclude Include="Include\Core\Window\MouseWheel.hpp">
      <Filter>Headerdateien</Filter>
    </ClInclude>
    <ClInclude Include="Include\Core\Window\KeyCode.hpp">
      <Filter>Headerdateien</Filter>
    </ClInclude>
    <ClInclude Include="Include\Core\System\Transform.hpp">
      <Filter>Headerdateien</Filter>
    </ClInclude>
    <ClInclude Include="Include\Core\System\Angle.hpp">
      <Filter>Headerdateien</Filter>
    </ClInclude>
    <ClInclude Include="Include\Core\System\Rectangle.hpp">
      <Filter>Headerdateien</Filter>
    </ClInclude>
    <ClInclude Include="Include\Core\Window\Dpi.hpp">
      <Filter>Headerdateien</Filter>
    </ClInclude>
    <ClInclude Include="Include\Core\Library.hpp">
      <Filter>Headerdateien</Filter>
    </ClInclude>
    <ClInclude Include="Include\Core\Window\Types.hpp">
      <Filter>Headerdateien</Filter>
    </ClInclude>
    <ClInclude Include="Include\Core\System\FinalAction.hpp">
      <Filter>Headerdateien</Filter>
    </ClInclude>
    <ClInclude Include="Include\Core\System\Types.hpp">
      <Filter>Headerdateien</Filter>
    </ClInclude>
    <ClInclude Include="Externals\Libs\stb\stb_c_lexer.h">
      <Filter>Headerdateien</Filter>
    </ClInclude>
    <ClInclude Include="Externals\Libs\stb\stb_connected_components.h">
      <Filter>Headerdateien</Filter>
    </ClInclude>
    <ClInclude Include="Externals\Libs\stb\stb_divide.h">
      <Filter>Headerdateien</Filter>
    </ClInclude>
    <ClInclude Include="Externals\Libs\stb\stb_ds.h">
      <Filter>Headerdateien</Filter>
    </ClInclude>
    <ClInclude Include="Externals\Libs\stb\stb_dxt.h">
      <Filter>Headerdateien</Filter>
    </ClInclude>
    <ClInclude Include="Externals\Libs\stb\stb_easy_font.h">
      <Filter>Headerdateien</Filter>
    </ClInclude>
    <ClInclude Include="Externals\Libs\stb\stb_herringbone_wang_tile.h">
      <Filter>Headerdateien</Filter>
    </ClInclude>
    <ClInclude Include="Externals\Libs\stb\stb_hexwave.h">
      <Filter>Headerdateien</Filter>
    </ClInclude>
    <ClInclude Include="Externals\Libs\stb\stb_image.h">
      <Filter>Headerdateien</Filter>
    </ClInclude>
    <ClInclude Include="Externals\Libs\stb\stb_image_resize.h">
      <Filter>Headerdateien</Filter>
    </ClInclude>
    <ClInclude Include="Externals\Libs\stb\stb_image_write.h">
      <Filter>Headerdateien</Filter>
    </ClInclude>
    <ClInclude Include="Externals\Libs\stb\stb_include.h">
      <Filter>Headerdateien</Filter>
    </ClInclude>
    <ClInclude Include="Externals\Libs\stb\stb_rect_pack.h">
      <Filter>Headerdateien</Filter>
    </ClInclude>
    <ClInclude Include="Externals\Libs\stb\stb_leakcheck.h">
      <Filter>Headerdateien</Filter>
    </ClInclude>
    <ClInclude Include="Externals\Libs\stb\stb_sprintf.h">
      <Filter>Headerdateien</Filter>
    </ClInclude>
    <ClInclude Include="Externals\Libs\stb\stb_textedit.h">
      <Filter>Headerdateien</Filter>
    </ClInclude>
    <ClInclude Include="Externals\Libs\stb\stb_tilemap_editor.h">
      <Filter>Headerdateien</Filter>
    </ClInclude>
    <ClInclude Include="Externals\Libs\stb\stb_truetype.h">
      <Filter>Headerdateien</Filter>
    </ClInclude>
    <ClInclude Include="Externals\Libs\stb\stb_voxel_render.h">
      <Filter>Headerdateien</Filter>
    </ClInclude>
    <ClInclude Include="Include\Core\System\Value3.hpp">
      <Filter>Headerdateien</Filter>
    </ClInclude>
    <ClInclude Include="Include\Core\System\Value4.hpp">
      <Filter>Headerdateien</Filter>
    </ClInclude>
    <ClInclude Include="Include\Core\System\Random.hpp">
      <Filter>Headerdateien</Filter>
    </ClInclude>
    <ClInclude Include="Include\Core\System\Sleep.hpp">
      <Filter>Headerdateien</Filter>
    </ClInclude>
    <ClInclude Include="Include\Core\Window\MouseCursor.hpp">
      <Filter>Headerdateien</Filter>
    </ClInclude>
    <ClInclude Include="Include\Core\Application\Factories.hpp">
      <Filter>Headerdateien</Filter>
    </ClInclude>
    <ClInclude Include="Include\Core\Graphics\GraphicsContext.hpp">
      <Filter>Headerdateien</Filter>
    </ClInclude>
    <ClInclude Include="Include\Core\Graphics\RenderTarget.hpp">
      <Filter>Headerdateien</Filter>
    </ClInclude>
    <ClInclude Include="Include\Core\Graphics\RenderStyle.hpp">
      <Filter>Headerdateien</Filter>
    </ClInclude>
    <ClInclude Include="Include\Core\Graphics\SolidColorBrush.hpp">
      <Filter>Headerdateien</Filter>
    </ClInclude>
    <ClInclude Include="Include\Core\Graphics\Color.hpp">
      <Filter>Headerdateien</Filter>
    </ClInclude>
    <ClInclude Include="Include\Core\Graphics\DrawMode.hpp">
      <Filter>Headerdateien</Filter>
    </ClInclude>
    <ClInclude Include="Include\Core\Application\Globals.hpp">
      <Filter>Headerdateien</Filter>
    </ClInclude>
    <ClInclude Include="Include\Core\Graphics\StrokeStyle.hpp">
      <Filter>Headerdateien</Filter>
    </ClInclude>
    <ClInclude Include="Include\Core\Graphics\StrokeStyleProperties.hpp">
      <Filter>Headerdateien</Filter>
    </ClInclude>
    <ClInclude Include="Include\Core\Graphics\Shape.hpp">
      <Filter>Headerdateien</Filter>
    </ClInclude>
    <ClInclude Include="Include\Core\Graphics\ShapeProperties.hpp">
      <Filter>Headerdateien</Filter>
    </ClInclude>
    <ClInclude Include="Include\Core\Graphics\Transformation.hpp">
      <Filter>Headerdateien</Filter>
    </ClInclude>
  </ItemGroup>
  <ItemGroup>
    <ClCompile Include="Source\Core\Application\Sketch.cpp">
      <Filter>Quelldateien</Filter>
    </ClCompile>
    <ClCompile Include="Source\Core\Application\Application.cpp">
      <Filter>Quelldateien</Filter>
    </ClCompile>
    <ClCompile Include="Source\Core\System\Error.cpp">
      <Filter>Quelldateien</Filter>
    </ClCompile>
    <ClCompile Include="Source\Core\Window\Window.cpp">
      <Filter>Quelldateien</Filter>
    </ClCompile>
    <ClCompile Include="Source\Core\Window\WindowEvent.cpp">
      <Filter>Quelldateien</Filter>
    </ClCompile>
    <ClCompile Include="Source\Core\Application\EntryPoint.cpp">
      <Filter>Quelldateien</Filter>
    </ClCompile>
    <ClCompile Include="Source\Core\System\Stopwatch.cpp">
      <Filter>Quelldateien</Filter>
    </ClCompile>
    <ClCompile Include="Source\Core\System\Transform.cpp">
      <Filter>Quelldateien</Filter>
    </ClCompile>
    <ClCompile Include="Source\Core\Window\Dpi.cpp">
      <Filter>Quelldateien</Filter>
    </ClCompile>
    <ClCompile Include="Source\Core\Library.cpp">
      <Filter>Quelldateien</Filter>
    </ClCompile>
    <ClCompile Include="Externals\Libs\stb\stb_vorbis.c">
      <Filter>Quelldateien</Filter>
    </ClCompile>
    <ClCompile Include="Source\Core\System\Random.cpp">
      <Filter>Quelldateien</Filter>
    </ClCompile>
    <ClCompile Include="Source\Core\System\Sleep.cpp">
      <Filter>Quelldateien</Filter>
    </ClCompile>
    <ClCompile Include="Source\Core\Window\MouseCursor.cpp">
      <Filter>Quelldateien</Filter>
    </ClCompile>
    <ClCompile Include="Source\Core\Application\Factories.cpp">
      <Filter>Quelldateien</Filter>
    </ClCompile>
    <ClCompile Include="Source\Core\Graphics\GraphicsContext.cpp">
      <Filter>Quelldateien</Filter>
    </ClCompile>
    <ClCompile Include="Source\Core\Graphics\RenderTarget.cpp">
      <Filter>Quelldateien</Filter>
    </ClCompile>
    <ClCompile Include="Source\Core\Graphics\SolidColorBrush.cpp">
      <Filter>Quelldateien</Filter>
    </ClCompile>
    <ClCompile Include="Source\Core\Application\Globals.cpp">
      <Filter>Quelldateien</Filter>
    </ClCompile>
    <ClCompile Include="Source\Core\Graphics\StrokeStyle.cpp">
      <Filter>Quelldateien</Filter>
    </ClCompile>
    <ClCompile Include="Source\Core\Graphics\Shape.cpp">
      <Filter>Quelldateien</Filter>
    </ClCompile>
    <ClCompile Include="Source\Core\Graphics\Transformation.cpp">
      <Filter>Quelldateien</Filter>
    </ClCompile>
  </ItemGroup>
</Project>