<?xml version="1.0" encoding="utf-8"?>
<Project ToolsVersion="4.0" xmlns="http://schemas.microsoft.com/developer/msbuild/2003">
  <ItemGroup>
    <Filter Include="Quelldateien">
      <UniqueIdentifier>{4FC737F1-C7A5-4376-A066-2A32D752A2FF}</UniqueIdentifier>
      <Extensions>cpp;c;cc;cxx;c++;def;odl;idl;hpj;bat;asm;asmx</Extensions>
    </Filter>
    <Filter Include="Headerdateien">
      <UniqueIdentifier>{93995380-89BD-4b04-88EB-625FBE52EBFB}</UniqueIdentifier>
      <Extensions>h;hh;hpp;hxx;h++;hm;inl;inc;ipp;xsd</Extensions>
    </Filter>
    <Filter Include="Ressourcendateien">
      <UniqueIdentifier>{67DA6AB6-F800-4c08-8B7A-83BB121AAD01}</UniqueIdentifier>
      <Extensions>rc;ico;cur;bmp;dlg;rc2;rct;bin;rgs;gif;jpg;jpeg;jpe;resx;tiff;tif;png;wav;mfcribbon-ms</Extensions>
    </Filter>
  </ItemGroup>
  <ItemGroup>
    <ClInclude Include="Include\Core\Maths\Vector2.hpp">
      <Filter>Headerdateien</Filter>
    </ClInclude>
    <ClInclude Include="Include\Core\Maths\Matrix3x3.hpp">
      <Filter>Headerdateien</Filter>
    </ClInclude>
    <ClInclude Include="Include\Core\System\Datatypes.hpp">
      <Filter>Headerdateien</Filter>
    </ClInclude>
    <ClInclude Include="Include\Core\System\Collection.hpp">
      <Filter>Headerdateien</Filter>
    </ClInclude>
    <ClInclude Include="Include\Core\System\Delegate.hpp">
      <Filter>Headerdateien</Filter>
    </ClInclude>
    <ClInclude Include="Include\Core\System\EventBinder.hpp">
      <Filter>Headerdateien</Filter>
    </ClInclude>
    <ClInclude Include="Include\Core\System\StaticObject.hpp">
      <Filter>Headerdateien</Filter>
    </ClInclude>
    <ClInclude Include="Include\Core\System\Event.hpp">
      <Filter>Headerdateien</Filter>
    </ClInclude>
    <ClInclude Include="Include\Core\System\FinalAction.hpp">
      <Filter>Headerdateien</Filter>
    </ClInclude>
    <ClInclude Include="Include\Core\Maths\Random.hpp">
      <Filter>Headerdateien</Filter>
    </ClInclude>
    <ClInclude Include="Include\Core\Maths\Math.hpp">
      <Filter>Headerdateien</Filter>
    </ClInclude>
    <ClInclude Include="Include\Core\Window\MsgBox.hpp">
      <Filter>Headerdateien</Filter>
    </ClInclude>
    <ClInclude Include="Include\Core\Window\MsgBoxButton.hpp">
      <Filter>Headerdateien</Filter>
    </ClInclude>
    <ClInclude Include="Include\Core\Window\MsgBoxIcon.hpp">
      <Filter>Headerdateien</Filter>
    </ClInclude>
    <ClInclude Include="Include\Core\Window\MsgBoxDefaultButton.hpp">
      <Filter>Headerdateien</Filter>
    </ClInclude>
    <ClInclude Include="Include\Core\Window\MsgBoxModality.hpp">
      <Filter>Headerdateien</Filter>
    </ClInclude>
    <ClInclude Include="Include\Core\Window\MsgBoxOptions.hpp">
      <Filter>Headerdateien</Filter>
    </ClInclude>
    <ClInclude Include="Include\Core\Window\MsgBoxResult.hpp">
      <Filter>Headerdateien</Filter>
    </ClInclude>
    <ClInclude Include="Include\Core\Window\WindowEvents.hpp">
      <Filter>Headerdateien</Filter>
    </ClInclude>
    <ClInclude Include="Include\Core\Window\Keyboard.hpp">
      <Filter>Headerdateien</Filter>
    </ClInclude>
    <ClInclude Include="Include\Core\Window\Mouse.hpp">
      <Filter>Headerdateien</Filter>
    </ClInclude>
    <ClInclude Include="Include\Core\System\Timer.hpp">
      <Filter>Headerdateien</Filter>
    </ClInclude>
    <ClInclude Include="Include\Core\System\Function.hpp">
      <Filter>Headerdateien</Filter>
    </ClInclude>
    <ClInclude Include="Include\Core\System\Stopwatch.hpp">
      <Filter>Headerdateien</Filter>
    </ClInclude>
    <ClInclude Include="Include\Core\System\DelegateBase.hpp">
      <Filter>Headerdateien</Filter>
    </ClInclude>
    <ClInclude Include="Include\Core\System\Duration.hpp">
      <Filter>Headerdateien</Filter>
    </ClInclude>
    <ClInclude Include="Include\Core\Window\SystemIcon.hpp">
      <Filter>Headerdateien</Filter>
    </ClInclude>
    <ClInclude Include="Include\Core\Window\SystemCursor.hpp">
      <Filter>Headerdateien</Filter>
    </ClInclude>
    <ClInclude Include="Include\Core\Maths\Vector3.hpp">
      <Filter>Headerdateien</Filter>
    </ClInclude>
    <ClInclude Include="Include\Core\Window\Window.hpp">
      <Filter>Headerdateien</Filter>
    </ClInclude>
    <ClInclude Include="Include\Core\Application.hpp">
      <Filter>Headerdateien</Filter>
    </ClInclude>
    <ClInclude Include="Include\Core\Rendering\DrawMode.hpp">
      <Filter>Headerdateien</Filter>
    </ClInclude>
    <ClInclude Include="Include\Core\Rendering\GraphicsContext.hpp">
      <Filter>Headerdateien</Filter>
    </ClInclude>
    <ClInclude Include="Include\Core\Rendering\Helpers.hpp">
      <Filter>Headerdateien</Filter>
    </ClInclude>
    <ClInclude Include="Include\Core\Rendering\Image.hpp">
      <Filter>Headerdateien</Filter>
    </ClInclude>
    <ClInclude Include="Include\Core\Rendering\LinearGradientBrush.hpp">
      <Filter>Headerdateien</Filter>
    </ClInclude>
    <ClInclude Include="Include\Core\Rendering\RadialGradientBrush.hpp">
      <Filter>Headerdateien</Filter>
    </ClInclude>
    <ClInclude Include="Include\Core\Rendering\RenderState.hpp">
      <Filter>Headerdateien</Filter>
    </ClInclude>
    <ClInclude Include="Include\Core\Rendering\ShapeAttributes.hpp">
      <Filter>Headerdateien</Filter>
    </ClInclude>
    <ClInclude Include="Include\Core\Rendering\SolidColorBrush.hpp">
      <Filter>Headerdateien</Filter>
    </ClInclude>
    <ClInclude Include="Include\Core\Rendering\StrokeStyle.hpp">
      <Filter>Headerdateien</Filter>
    </ClInclude>
    <ClInclude Include="Include\Core\Rendering\StrokeStyleAttributes.hpp">
      <Filter>Headerdateien</Filter>
    </ClInclude>
    <ClInclude Include="Include\Core\Rendering\TextAttributes.hpp">
      <Filter>Headerdateien</Filter>
    </ClInclude>
    <ClInclude Include="Include\Core\Rendering\TextRenderer.hpp">
      <Filter>Headerdateien</Filter>
    </ClInclude>
    <ClInclude Include="Include\Core\Window\DisplayMode.hpp">
      <Filter>Headerdateien</Filter>
    </ClInclude>
    <ClInclude Include="Include\Core\System\Logger.hpp">
      <Filter>Headerdateien</Filter>
    </ClInclude>
    <ClInclude Include="Include\Core\Rendering\Color.hpp">
      <Filter>Headerdateien</Filter>
    </ClInclude>
    <ClInclude Include="Include\Core\Rendering\RenderWindow.hpp">
      <Filter>Headerdateien</Filter>
    </ClInclude>
    <ClInclude Include="Include\Core\Rendering\RenderStateManager.hpp">
      <Filter>Headerdateien</Filter>
    </ClInclude>
    <ClInclude Include="Include\Core\Rendering\ImageInterpolationMode.hpp">
      <Filter>Headerdateien</Filter>
    </ClInclude>
    <ClInclude Include="Include\Core\Audio\SoundDevice.hpp">
      <Filter>Headerdateien</Filter>
    </ClInclude>
    <ClInclude Include="Include\Core\Audio\AudioTarget.hpp">
      <Filter>Headerdateien</Filter>
    </ClInclude>
    <ClInclude Include="Include\Core\Audio\Music.hpp">
      <Filter>Headerdateien</Filter>
    </ClInclude>
    <ClInclude Include="Include\Core\Audio\Playable.hpp">
      <Filter>Headerdateien</Filter>
    </ClInclude>
    <ClInclude Include="Include\Core\Audio\Sound.hpp">
      <Filter>Headerdateien</Filter>
    </ClInclude>
    <ClInclude Include="Include\Core\Audio\OpenALIDProvider.hpp">
      <Filter>Headerdateien</Filter>
    </ClInclude>
    <ClInclude Include="Include\Core\Audio\WaveFileReader.hpp">
      <Filter>Headerdateien</Filter>
    </ClInclude>
    <ClInclude Include="Include\Core\Audio\Listener.hpp">
      <Filter>Headerdateien</Filter>
    </ClInclude>
    <ClInclude Include="Include\Core\Audio\SoundSpace.hpp">
      <Filter>Headerdateien</Filter>
    </ClInclude>
    <ClInclude Include="Include\Core\Audio\Cache.hpp">
      <Filter>Headerdateien</Filter>
    </ClInclude>
    <ClInclude Include="Include\Core\Audio\AudioFile.hpp">
      <Filter>Headerdateien</Filter>
    </ClInclude>
    <ClInclude Include="Include\Core\Audio\WaveFile.hpp">
      <Filter>Headerdateien</Filter>
    </ClInclude>
    <ClInclude Include="Include\Core\Rendering\Shape.hpp">
      <Filter>Headerdateien</Filter>
    </ClInclude>
    <ClInclude Include="Include\Core\Rendering\Targets\RenderStateTarget.hpp">
      <Filter>Headerdateien</Filter>
    </ClInclude>
    <ClInclude Include="Include\Core\Rendering\Targets\ImageTarget.hpp">
      <Filter>Headerdateien</Filter>
    </ClInclude>
    <ClInclude Include="Include\Core\Rendering\Targets\RenderTarget.hpp">
      <Filter>Headerdateien</Filter>
    </ClInclude>
    <ClInclude Include="Include\Core\Rendering\Targets\ShapeTarget.hpp">
      <Filter>Headerdateien</Filter>
    </ClInclude>
    <ClInclude Include="Include\Core\Rendering\Targets\StrokeStyleTarget.hpp">
      <Filter>Headerdateien</Filter>
    </ClInclude>
    <ClInclude Include="Include\Core\Rendering\Targets\TransformationTarget.hpp">
      <Filter>Headerdateien</Filter>
    </ClInclude>
    <ClInclude Include="Include\Core\Rendering\Targets\BrushTarget.hpp">
      <Filter>Headerdateien</Filter>
    </ClInclude>
  </ItemGroup>
  <ItemGroup>
    <ClCompile Include="Source\Core\Maths\Random.cpp">
      <Filter>Quelldateien</Filter>
    </ClCompile>
    <ClCompile Include="Source\Core\Window\MsgBox.cpp">
      <Filter>Quelldateien</Filter>
    </ClCompile>
    <ClCompile Include="Source\Core\Window\Keyboard.cpp">
      <Filter>Quelldateien</Filter>
    </ClCompile>
    <ClCompile Include="Source\Core\Window\Mouse.cpp">
      <Filter>Quelldateien</Filter>
    </ClCompile>
    <ClCompile Include="Source\Core\System\Timer.cpp">
      <Filter>Quelldateien</Filter>
    </ClCompile>
    <ClCompile Include="Source\Core\System\Stopwatch.cpp">
      <Filter>Quelldateien</Filter>
    </ClCompile>
    <ClCompile Include="Source\Core\System\Duration.cpp">
      <Filter>Quelldateien</Filter>
    </ClCompile>
    <ClCompile Include="Source\Core\Maths\Matrix3x3.cpp">
      <Filter>Quelldateien</Filter>
    </ClCompile>
    <ClCompile Include="Source\Core\Window\Window.cpp">
      <Filter>Quelldateien</Filter>
    </ClCompile>
    <ClCompile Include="Source\Core\Application.cpp">
      <Filter>Quelldateien</Filter>
    </ClCompile>
    <ClCompile Include="Source\Core\Rendering\GraphicsContext.cpp">
      <Filter>Quelldateien</Filter>
    </ClCompile>
    <ClCompile Include="Source\Core\Rendering\Helpers.cpp">
      <Filter>Quelldateien</Filter>
    </ClCompile>
    <ClCompile Include="Source\Core\Rendering\Image.cpp">
      <Filter>Quelldateien</Filter>
    </ClCompile>
    <ClCompile Include="Source\Core\Rendering\LinearGradientBrush.cpp">
      <Filter>Quelldateien</Filter>
    </ClCompile>
    <ClCompile Include="Source\Core\Rendering\RadialGradientBrush.cpp">
      <Filter>Quelldateien</Filter>
    </ClCompile>
    <ClCompile Include="Source\Core\Rendering\RenderState.cpp">
      <Filter>Quelldateien</Filter>
    </ClCompile>
    <ClCompile Include="Source\Core\Rendering\SolidColorBrush.cpp">
      <Filter>Quelldateien</Filter>
    </ClCompile>
    <ClCompile Include="Source\Core\Rendering\StrokeStyle.cpp">
      <Filter>Quelldateien</Filter>
    </ClCompile>
    <ClCompile Include="Source\Core\Rendering\TextRenderer.cpp">
      <Filter>Quelldateien</Filter>
    </ClCompile>
    <ClCompile Include="Source\Core\Window\DisplayMode.cpp">
      <Filter>Quelldateien</Filter>
    </ClCompile>
    <ClCompile Include="Source\Core\System\Logger.cpp">
      <Filter>Quelldateien</Filter>
    </ClCompile>
    <ClCompile Include="Source\Core\Rendering\Color.cpp">
      <Filter>Quelldateien</Filter>
    </ClCompile>
    <ClCompile Include="Source\Core\Rendering\RenderWindow.cpp">
      <Filter>Quelldateien</Filter>
    </ClCompile>
    <ClCompile Include="Source\Core\Rendering\RenderStateManager.cpp">
      <Filter>Quelldateien</Filter>
    </ClCompile>
    <ClCompile Include="Source\Core\Audio\SoundDevice.cpp">
      <Filter>Quelldateien</Filter>
    </ClCompile>
    <ClCompile Include="Source\Core\Audio\AudioTarget.cpp">
      <Filter>Quelldateien</Filter>
    </ClCompile>
    <ClCompile Include="Source\Core\Audio\Music.cpp">
      <Filter>Quelldateien</Filter>
    </ClCompile>
    <ClCompile Include="Source\Core\Audio\Playable.cpp">
      <Filter>Quelldateien</Filter>
    </ClCompile>
    <ClCompile Include="Source\Core\Audio\OpenALIDProvider.cpp">
      <Filter>Quelldateien</Filter>
    </ClCompile>
    <ClCompile Include="Source\Core\Audio\WaveFileReader.cpp">
      <Filter>Quelldateien</Filter>
    </ClCompile>
    <ClCompile Include="Source\Core\Audio\Listener.cpp">
      <Filter>Quelldateien</Filter>
    </ClCompile>
    <ClCompile Include="Source\Core\Audio\SoundSpace.cpp">
      <Filter>Quelldateien</Filter>
    </ClCompile>
    <ClCompile Include="Source\Core\Audio\Sound.cpp">
      <Filter>Quelldateien</Filter>
    </ClCompile>
    <ClCompile Include="Source\Core\Rendering\Shape.cpp">
      <Filter>Quelldateien</Filter>
    </ClCompile>
    <ClCompile Include="Source\Core\Rendering\Targets\RenderStateTarget.cpp">
      <Filter>Quelldateien</Filter>
    </ClCompile>
    <ClCompile Include="Source\Core\Rendering\Targets\ImageTarget.cpp">
      <Filter>Quelldateien</Filter>
    </ClCompile>
    <ClCompile Include="Source\Core\Rendering\Targets\RenderTarget.cpp">
      <Filter>Quelldateien</Filter>
    </ClCompile>
    <ClCompile Include="Source\Core\Rendering\Targets\ShapeTarget.cpp">
      <Filter>Quelldateien</Filter>
    </ClCompile>
    <ClCompile Include="Source\Core\Rendering\Targets\StrokeStyleTarget.cpp">
      <Filter>Quelldateien</Filter>
    </ClCompile>
    <ClCompile Include="Source\Core\Rendering\Targets\TransformationTarget.cpp">
      <Filter>Quelldateien</Filter>
    </ClCompile>
    <ClCompile Include="Source\Core\Rendering\Targets\BrushTarget.cpp">
      <Filter>Quelldateien</Filter>
    </ClCompile>
  </ItemGroup>
</Project>